
Microsoft Visual Studio Solution File, Format Version 12.00
# Visual Studio Version 17
VisualStudioVersion = 17.7.34031.279
MinimumVisualStudioVersion = 10.0.40219.1
Project("{FAE04EC0-301F-11D3-BF4B-00C04F79EFBC}") = "Technological card", "Technological card.csproj", "{D56B3365-4DD5-4781-BBD2-C920555B2889}"
EndProject
Global
	GlobalSection(SolutionConfigurationPlatforms) = preSolution
		Debug|Any CPU = Debug|Any CPU
		Release|Any CPU = Release|Any CPU
	EndGlobalSection
	GlobalSection(ProjectConfigurationPlatforms) = postSolution
		{D56B3365-4DD5-4781-BBD2-C920555B2889}.Debug|Any CPU.ActiveCfg = Debug|Any CPU
		{D56B3365-4DD5-4781-BBD2-C920555B2889}.Debug|Any CPU.Build.0 = Debug|Any CPU
		{D56B3365-4DD5-4781-BBD2-C920555B2889}.Release|Any CPU.ActiveCfg = Release|Any CPU
		{D56B3365-4DD5-4781-BBD2-C920555B2889}.Release|Any CPU.Build.0 = Release|Any CPU
	EndGlobalSection
	GlobalSection(SolutionProperties) = preSolution
		HideSolutionNode = FALSE
	EndGlobalSection
	GlobalSection(ExtensibilityGlobals) = postSolution
		SolutionGuid = {8F0B200A-1A78-425E-AF9D-4A21180F6FD6}
	EndGlobalSection
EndGlobal
